// !$*UTF8*$!
{
	archiveVersion = 1;
	classes = {
	};
	objectVersion = 56;
	objects = {

/* Begin PBXBuildFile section */
		B6CFB77A2BD834ED00BF009F /* Tiny_TodoList_iOSApp.swift in Sources */ = {isa = PBXBuildFile; fileRef = B6CFB7792BD834ED00BF009F /* Tiny_TodoList_iOSApp.swift */; };
		B6CFB77C2BD834ED00BF009F /* MainView.swift in Sources */ = {isa = PBXBuildFile; fileRef = B6CFB77B2BD834ED00BF009F /* MainView.swift */; };
		B6CFB77E2BD834EF00BF009F /* Assets.xcassets in Resources */ = {isa = PBXBuildFile; fileRef = B6CFB77D2BD834EF00BF009F /* Assets.xcassets */; };
		B6CFB7812BD834EF00BF009F /* Preview Assets.xcassets in Resources */ = {isa = PBXBuildFile; fileRef = B6CFB7802BD834EF00BF009F /* Preview Assets.xcassets */; };
		B6CFB7AC2BD83CBE00BF009F /* TaskListView.swift in Sources */ = {isa = PBXBuildFile; fileRef = B6CFB7AB2BD83CBE00BF009F /* TaskListView.swift */; };
		B6CFB7AE2BD83CDB00BF009F /* TaskViewModel.swift in Sources */ = {isa = PBXBuildFile; fileRef = B6CFB7AD2BD83CDB00BF009F /* TaskViewModel.swift */; };
		B6CFB7B02BD83E4000BF009F /* SettingsView.swift in Sources */ = {isa = PBXBuildFile; fileRef = B6CFB7AF2BD83E4000BF009F /* SettingsView.swift */; };
		B6CFB7B22BD83FB100BF009F /* Task.swift in Sources */ = {isa = PBXBuildFile; fileRef = B6CFB7B12BD83FB100BF009F /* Task.swift */; };
		B6CFB7BC2BD9ACC900BF009F /* CreateTaskView.swift in Sources */ = {isa = PBXBuildFile; fileRef = B6CFB7BB2BD9ACC900BF009F /* CreateTaskView.swift */; };
		B6CFB7BE2BD9ACD700BF009F /* EditTaskView.swift in Sources */ = {isa = PBXBuildFile; fileRef = B6CFB7BD2BD9ACD700BF009F /* EditTaskView.swift */; };
		B6CFB7C02BD9C1D900BF009F /* Helper.swift in Sources */ = {isa = PBXBuildFile; fileRef = B6CFB7BF2BD9C1D900BF009F /* Helper.swift */; };
		B6CFB7C22BDB55DC00BF009F /* Logger.swift in Sources */ = {isa = PBXBuildFile; fileRef = B6CFB7C12BDB55DC00BF009F /* Logger.swift */; };
		B6CFB7C42BDB5A8A00BF009F /* NetworkConfig.swift in Sources */ = {isa = PBXBuildFile; fileRef = B6CFB7C32BDB5A8A00BF009F /* NetworkConfig.swift */; };
/* End PBXBuildFile section */

/* Begin PBXContainerItemProxy section */
		B6CFB7872BD834EF00BF009F /* PBXContainerItemProxy */ = {
			isa = PBXContainerItemProxy;
			containerPortal = B6CFB76E2BD834ED00BF009F /* Project object */;
			proxyType = 1;
			remoteGlobalIDString = B6CFB7752BD834ED00BF009F;
			remoteInfo = "Tiny-TodoList-iOS";
		};
		B6CFB7912BD834EF00BF009F /* PBXContainerItemProxy */ = {
			isa = PBXContainerItemProxy;
			containerPortal = B6CFB76E2BD834ED00BF009F /* Project object */;
			proxyType = 1;
			remoteGlobalIDString = B6CFB7752BD834ED00BF009F;
			remoteInfo = "Tiny-TodoList-iOS";
		};
/* End PBXContainerItemProxy section */

/* Begin PBXFileReference section */
		B6CFB7762BD834ED00BF009F /* Tiny-TodoList-iOS.app */ = {isa = PBXFileReference; explicitFileType = wrapper.application; includeInIndex = 0; path = "Tiny-TodoList-iOS.app"; sourceTree = BUILT_PRODUCTS_DIR; };
		B6CFB7792BD834ED00BF009F /* Tiny_TodoList_iOSApp.swift */ = {isa = PBXFileReference; lastKnownFileType = sourcecode.swift; path = Tiny_TodoList_iOSApp.swift; sourceTree = "<group>"; };
		B6CFB77B2BD834ED00BF009F /* MainView.swift */ = {isa = PBXFileReference; lastKnownFileType = sourcecode.swift; path = MainView.swift; sourceTree = "<group>"; };
		B6CFB77D2BD834EF00BF009F /* Assets.xcassets */ = {isa = PBXFileReference; lastKnownFileType = folder.assetcatalog; path = Assets.xcassets; sourceTree = "<group>"; };
		B6CFB7802BD834EF00BF009F /* Preview Assets.xcassets */ = {isa = PBXFileReference; lastKnownFileType = folder.assetcatalog; path = "Preview Assets.xcassets"; sourceTree = "<group>"; };
		B6CFB7862BD834EF00BF009F /* Tiny-TodoList-iOSTests.xctest */ = {isa = PBXFileReference; explicitFileType = wrapper.cfbundle; includeInIndex = 0; path = "Tiny-TodoList-iOSTests.xctest"; sourceTree = BUILT_PRODUCTS_DIR; };
		B6CFB7902BD834EF00BF009F /* Tiny-TodoList-iOSUITests.xctest */ = {isa = PBXFileReference; explicitFileType = wrapper.cfbundle; includeInIndex = 0; path = "Tiny-TodoList-iOSUITests.xctest"; sourceTree = BUILT_PRODUCTS_DIR; };
		B6CFB7AB2BD83CBE00BF009F /* TaskListView.swift */ = {isa = PBXFileReference; lastKnownFileType = sourcecode.swift; path = TaskListView.swift; sourceTree = "<group>"; };
		B6CFB7AD2BD83CDB00BF009F /* TaskViewModel.swift */ = {isa = PBXFileReference; lastKnownFileType = sourcecode.swift; path = TaskViewModel.swift; sourceTree = "<group>"; };
		B6CFB7AF2BD83E4000BF009F /* SettingsView.swift */ = {isa = PBXFileReference; lastKnownFileType = sourcecode.swift; path = SettingsView.swift; sourceTree = "<group>"; };
		B6CFB7B12BD83FB100BF009F /* Task.swift */ = {isa = PBXFileReference; lastKnownFileType = sourcecode.swift; path = Task.swift; sourceTree = "<group>"; };
		B6CFB7BB2BD9ACC900BF009F /* CreateTaskView.swift */ = {isa = PBXFileReference; lastKnownFileType = sourcecode.swift; path = CreateTaskView.swift; sourceTree = "<group>"; };
		B6CFB7BD2BD9ACD700BF009F /* EditTaskView.swift */ = {isa = PBXFileReference; lastKnownFileType = sourcecode.swift; path = EditTaskView.swift; sourceTree = "<group>"; };
		B6CFB7BF2BD9C1D900BF009F /* Helper.swift */ = {isa = PBXFileReference; lastKnownFileType = sourcecode.swift; path = Helper.swift; sourceTree = "<group>"; };
		B6CFB7C12BDB55DC00BF009F /* Logger.swift */ = {isa = PBXFileReference; lastKnownFileType = sourcecode.swift; path = Logger.swift; sourceTree = "<group>"; };
		B6CFB7C32BDB5A8A00BF009F /* NetworkConfig.swift */ = {isa = PBXFileReference; lastKnownFileType = sourcecode.swift; path = NetworkConfig.swift; sourceTree = "<group>"; };
/* End PBXFileReference section */

/* Begin PBXFrameworksBuildPhase section */
		B6CFB7732BD834ED00BF009F /* Frameworks */ = {
			isa = PBXFrameworksBuildPhase;
			buildActionMask = 2147483647;
			files = (
			);
			runOnlyForDeploymentPostprocessing = 0;
		};
		B6CFB7832BD834EF00BF009F /* Frameworks */ = {
			isa = PBXFrameworksBuildPhase;
			buildActionMask = 2147483647;
			files = (
			);
			runOnlyForDeploymentPostprocessing = 0;
		};
		B6CFB78D2BD834EF00BF009F /* Frameworks */ = {
			isa = PBXFrameworksBuildPhase;
			buildActionMask = 2147483647;
			files = (
			);
			runOnlyForDeploymentPostprocessing = 0;
		};
/* End PBXFrameworksBuildPhase section */

/* Begin PBXGroup section */
		B6CFB76D2BD834ED00BF009F = {
			isa = PBXGroup;
			children = (
				B6CFB7782BD834ED00BF009F /* Tiny-TodoList-iOS */,
				B6CFB7772BD834ED00BF009F /* Products */,
			);
			sourceTree = "<group>";
		};
		B6CFB7772BD834ED00BF009F /* Products */ = {
			isa = PBXGroup;
			children = (
				B6CFB7762BD834ED00BF009F /* Tiny-TodoList-iOS.app */,
				B6CFB7862BD834EF00BF009F /* Tiny-TodoList-iOSTests.xctest */,
				B6CFB7902BD834EF00BF009F /* Tiny-TodoList-iOSUITests.xctest */,
			);
			name = Products;
			sourceTree = "<group>";
		};
		B6CFB7782BD834ED00BF009F /* Tiny-TodoList-iOS */ = {
			isa = PBXGroup;
			children = (
				B6CFB7A32BD83B9800BF009F /* App */,
				B6CFB7A42BD83B9F00BF009F /* Models */,
				B6CFB7A52BD83BA500BF009F /* Views */,
				B6CFB7A62BD83BAD00BF009F /* ViewModels */,
				B6CFB7A72BD83BB400BF009F /* Services */,
				B6CFB7A82BD83BC100BF009F /* Utils */,
				B6CFB77D2BD834EF00BF009F /* Assets.xcassets */,
				B6CFB77F2BD834EF00BF009F /* Preview Content */,
			);
			path = "Tiny-TodoList-iOS";
			sourceTree = "<group>";
		};
		B6CFB77F2BD834EF00BF009F /* Preview Content */ = {
			isa = PBXGroup;
			children = (
				B6CFB7802BD834EF00BF009F /* Preview Assets.xcassets */,
			);
			path = "Preview Content";
			sourceTree = "<group>";
		};
		B6CFB7A32BD83B9800BF009F /* App */ = {
			isa = PBXGroup;
			children = (
				B6CFB7792BD834ED00BF009F /* Tiny_TodoList_iOSApp.swift */,
			);
			path = App;
			sourceTree = "<group>";
		};
		B6CFB7A42BD83B9F00BF009F /* Models */ = {
			isa = PBXGroup;
			children = (
				B6CFB7B12BD83FB100BF009F /* Task.swift */,
			);
			path = Models;
			sourceTree = "<group>";
		};
		B6CFB7A52BD83BA500BF009F /* Views */ = {
			isa = PBXGroup;
			children = (
				B6CFB77B2BD834ED00BF009F /* MainView.swift */,
				B6CFB7AB2BD83CBE00BF009F /* TaskListView.swift */,
				B6CFB7BD2BD9ACD700BF009F /* EditTaskView.swift */,
				B6CFB7BB2BD9ACC900BF009F /* CreateTaskView.swift */,
				B6CFB7AF2BD83E4000BF009F /* SettingsView.swift */,
			);
			path = Views;
			sourceTree = "<group>";
		};
		B6CFB7A62BD83BAD00BF009F /* ViewModels */ = {
			isa = PBXGroup;
			children = (
				B6CFB7AD2BD83CDB00BF009F /* TaskViewModel.swift */,
			);
			path = ViewModels;
			sourceTree = "<group>";
		};
		B6CFB7A72BD83BB400BF009F /* Services */ = {
			isa = PBXGroup;
			children = (
				B6CFB7C32BDB5A8A00BF009F /* NetworkConfig.swift */,
			);
			path = Services;
			sourceTree = "<group>";
		};
		B6CFB7A82BD83BC100BF009F /* Utils */ = {
			isa = PBXGroup;
			children = (
				B6CFB7BF2BD9C1D900BF009F /* Helper.swift */,
				B6CFB7C12BDB55DC00BF009F /* Logger.swift */,
			);
			path = Utils;
			sourceTree = "<group>";
		};
/* End PBXGroup section */

/* Begin PBXNativeTarget section */
		B6CFB7752BD834ED00BF009F /* Tiny-TodoList-iOS */ = {
			isa = PBXNativeTarget;
			buildConfigurationList = B6CFB79A2BD834EF00BF009F /* Build configuration list for PBXNativeTarget "Tiny-TodoList-iOS" */;
			buildPhases = (
				B6CFB7722BD834ED00BF009F /* Sources */,
				B6CFB7732BD834ED00BF009F /* Frameworks */,
				B6CFB7742BD834ED00BF009F /* Resources */,
			);
			buildRules = (
			);
			dependencies = (
			);
			name = "Tiny-TodoList-iOS";
			productName = "Tiny-TodoList-iOS";
			productReference = B6CFB7762BD834ED00BF009F /* Tiny-TodoList-iOS.app */;
			productType = "com.apple.product-type.application";
		};
		B6CFB7852BD834EF00BF009F /* Tiny-TodoList-iOSTests */ = {
			isa = PBXNativeTarget;
			buildConfigurationList = B6CFB79D2BD834EF00BF009F /* Build configuration list for PBXNativeTarget "Tiny-TodoList-iOSTests" */;
			buildPhases = (
				B6CFB7822BD834EF00BF009F /* Sources */,
				B6CFB7832BD834EF00BF009F /* Frameworks */,
				B6CFB7842BD834EF00BF009F /* Resources */,
			);
			buildRules = (
			);
			dependencies = (
				B6CFB7882BD834EF00BF009F /* PBXTargetDependency */,
			);
			name = "Tiny-TodoList-iOSTests";
			productName = "Tiny-TodoList-iOSTests";
			productReference = B6CFB7862BD834EF00BF009F /* Tiny-TodoList-iOSTests.xctest */;
			productType = "com.apple.product-type.bundle.unit-test";
		};
		B6CFB78F2BD834EF00BF009F /* Tiny-TodoList-iOSUITests */ = {
			isa = PBXNativeTarget;
			buildConfigurationList = B6CFB7A02BD834EF00BF009F /* Build configuration list for PBXNativeTarget "Tiny-TodoList-iOSUITests" */;
			buildPhases = (
				B6CFB78C2BD834EF00BF009F /* Sources */,
				B6CFB78D2BD834EF00BF009F /* Frameworks */,
				B6CFB78E2BD834EF00BF009F /* Resources */,
			);
			buildRules = (
			);
			dependencies = (
				B6CFB7922BD834EF00BF009F /* PBXTargetDependency */,
			);
			name = "Tiny-TodoList-iOSUITests";
			productName = "Tiny-TodoList-iOSUITests";
			productReference = B6CFB7902BD834EF00BF009F /* Tiny-TodoList-iOSUITests.xctest */;
			productType = "com.apple.product-type.bundle.ui-testing";
		};
/* End PBXNativeTarget section */

/* Begin PBXProject section */
		B6CFB76E2BD834ED00BF009F /* Project object */ = {
			isa = PBXProject;
			attributes = {
				BuildIndependentTargetsInParallel = 1;
				LastSwiftUpdateCheck = 1520;
				LastUpgradeCheck = 1520;
				TargetAttributes = {
					B6CFB7752BD834ED00BF009F = {
						CreatedOnToolsVersion = 15.2;
					};
					B6CFB7852BD834EF00BF009F = {
						CreatedOnToolsVersion = 15.2;
						TestTargetID = B6CFB7752BD834ED00BF009F;
					};
					B6CFB78F2BD834EF00BF009F = {
						CreatedOnToolsVersion = 15.2;
						TestTargetID = B6CFB7752BD834ED00BF009F;
					};
				};
			};
			buildConfigurationList = B6CFB7712BD834ED00BF009F /* Build configuration list for PBXProject "Tiny-TodoList-iOS" */;
			compatibilityVersion = "Xcode 14.0";
			developmentRegion = en;
			hasScannedForEncodings = 0;
			knownRegions = (
				en,
				Base,
			);
			mainGroup = B6CFB76D2BD834ED00BF009F;
			productRefGroup = B6CFB7772BD834ED00BF009F /* Products */;
			projectDirPath = "";
			projectRoot = "";
			targets = (
				B6CFB7752BD834ED00BF009F /* Tiny-TodoList-iOS */,
				B6CFB7852BD834EF00BF009F /* Tiny-TodoList-iOSTests */,
				B6CFB78F2BD834EF00BF009F /* Tiny-TodoList-iOSUITests */,
			);
		};
/* End PBXProject section */

/* Begin PBXResourcesBuildPhase section */
		B6CFB7742BD834ED00BF009F /* Resources */ = {
			isa = PBXResourcesBuildPhase;
			buildActionMask = 2147483647;
			files = (
				B6CFB7812BD834EF00BF009F /* Preview Assets.xcassets in Resources */,
				B6CFB77E2BD834EF00BF009F /* Assets.xcassets in Resources */,
			);
			runOnlyForDeploymentPostprocessing = 0;
		};
		B6CFB7842BD834EF00BF009F /* Resources */ = {
			isa = PBXResourcesBuildPhase;
			buildActionMask = 2147483647;
			files = (
			);
			runOnlyForDeploymentPostprocessing = 0;
		};
		B6CFB78E2BD834EF00BF009F /* Resources */ = {
			isa = PBXResourcesBuildPhase;
			buildActionMask = 2147483647;
			files = (
			);
			runOnlyForDeploymentPostprocessing = 0;
		};
/* End PBXResourcesBuildPhase section */

/* Begin PBXSourcesBuildPhase section */
		B6CFB7722BD834ED00BF009F /* Sources */ = {
			isa = PBXSourcesBuildPhase;
			buildActionMask = 2147483647;
			files = (
				B6CFB7C02BD9C1D900BF009F /* Helper.swift in Sources */,
				B6CFB7C42BDB5A8A00BF009F /* NetworkConfig.swift in Sources */,
				B6CFB77C2BD834ED00BF009F /* MainView.swift in Sources */,
				B6CFB7BC2BD9ACC900BF009F /* CreateTaskView.swift in Sources */,
				B6CFB7B02BD83E4000BF009F /* SettingsView.swift in Sources */,
				B6CFB7AE2BD83CDB00BF009F /* TaskViewModel.swift in Sources */,
				B6CFB77A2BD834ED00BF009F /* Tiny_TodoList_iOSApp.swift in Sources */,
				B6CFB7B22BD83FB100BF009F /* Task.swift in Sources */,
				B6CFB7C22BDB55DC00BF009F /* Logger.swift in Sources */,
				B6CFB7AC2BD83CBE00BF009F /* TaskListView.swift in Sources */,
				B6CFB7BE2BD9ACD700BF009F /* EditTaskView.swift in Sources */,
			);
			runOnlyForDeploymentPostprocessing = 0;
		};
		B6CFB7822BD834EF00BF009F /* Sources */ = {
			isa = PBXSourcesBuildPhase;
			buildActionMask = 2147483647;
			files = (
			);
			runOnlyForDeploymentPostprocessing = 0;
		};
		B6CFB78C2BD834EF00BF009F /* Sources */ = {
			isa = PBXSourcesBuildPhase;
			buildActionMask = 2147483647;
			files = (
			);
			runOnlyForDeploymentPostprocessing = 0;
		};
/* End PBXSourcesBuildPhase section */

/* Begin PBXTargetDependency section */
		B6CFB7882BD834EF00BF009F /* PBXTargetDependency */ = {
			isa = PBXTargetDependency;
			target = B6CFB7752BD834ED00BF009F /* Tiny-TodoList-iOS */;
			targetProxy = B6CFB7872BD834EF00BF009F /* PBXContainerItemProxy */;
		};
		B6CFB7922BD834EF00BF009F /* PBXTargetDependency */ = {
			isa = PBXTargetDependency;
			target = B6CFB7752BD834ED00BF009F /* Tiny-TodoList-iOS */;
			targetProxy = B6CFB7912BD834EF00BF009F /* PBXContainerItemProxy */;
		};
/* End PBXTargetDependency section */

/* Begin XCBuildConfiguration section */
		B6CFB7982BD834EF00BF009F /* Debug */ = {
			isa = XCBuildConfiguration;
			buildSettings = {
				ALWAYS_SEARCH_USER_PATHS = NO;
				ASSETCATALOG_COMPILER_GENERATE_SWIFT_ASSET_SYMBOL_EXTENSIONS = YES;
				CLANG_ANALYZER_NONNULL = YES;
				CLANG_ANALYZER_NUMBER_OBJECT_CONVERSION = YES_AGGRESSIVE;
				CLANG_CXX_LANGUAGE_STANDARD = "gnu++20";
				CLANG_ENABLE_MODULES = YES;
				CLANG_ENABLE_OBJC_ARC = YES;
				CLANG_ENABLE_OBJC_WEAK = YES;
				CLANG_WARN_BLOCK_CAPTURE_AUTORELEASING = YES;
				CLANG_WARN_BOOL_CONVERSION = YES;
				CLANG_WARN_COMMA = YES;
				CLANG_WARN_CONSTANT_CONVERSION = YES;
				CLANG_WARN_DEPRECATED_OBJC_IMPLEMENTATIONS = YES;
				CLANG_WARN_DIRECT_OBJC_ISA_USAGE = YES_ERROR;
				CLANG_WARN_DOCUMENTATION_COMMENTS = YES;
				CLANG_WARN_EMPTY_BODY = YES;
				CLANG_WARN_ENUM_CONVERSION = YES;
				CLANG_WARN_INFINITE_RECURSION = YES;
				CLANG_WARN_INT_CONVERSION = YES;
				CLANG_WARN_NON_LITERAL_NULL_CONVERSION = YES;
				CLANG_WARN_OBJC_IMPLICIT_RETAIN_SELF = YES;
				CLANG_WARN_OBJC_LITERAL_CONVERSION = YES;
				CLANG_WARN_OBJC_ROOT_CLASS = YES_ERROR;
				CLANG_WARN_QUOTED_INCLUDE_IN_FRAMEWORK_HEADER = YES;
				CLANG_WARN_RANGE_LOOP_ANALYSIS = YES;
				CLANG_WARN_STRICT_PROTOTYPES = YES;
				CLANG_WARN_SUSPICIOUS_MOVE = YES;
				CLANG_WARN_UNGUARDED_AVAILABILITY = YES_AGGRESSIVE;
				CLANG_WARN_UNREACHABLE_CODE = YES;
				CLANG_WARN__DUPLICATE_METHOD_MATCH = YES;
				COPY_PHASE_STRIP = NO;
				DEBUG_INFORMATION_FORMAT = dwarf;
				ENABLE_STRICT_OBJC_MSGSEND = YES;
				ENABLE_TESTABILITY = YES;
				ENABLE_USER_SCRIPT_SANDBOXING = YES;
				GCC_C_LANGUAGE_STANDARD = gnu17;
				GCC_DYNAMIC_NO_PIC = NO;
				GCC_NO_COMMON_BLOCKS = YES;
				GCC_OPTIMIZATION_LEVEL = 0;
				GCC_PREPROCESSOR_DEFINITIONS = (
					"DEBUG=1",
					"$(inherited)",
				);
				GCC_WARN_64_TO_32_BIT_CONVERSION = YES;
				GCC_WARN_ABOUT_RETURN_TYPE = YES_ERROR;
				GCC_WARN_UNDECLARED_SELECTOR = YES;
				GCC_WARN_UNINITIALIZED_AUTOS = YES_AGGRESSIVE;
				GCC_WARN_UNUSED_FUNCTION = YES;
				GCC_WARN_UNUSED_VARIABLE = YES;
				IPHONEOS_DEPLOYMENT_TARGET = 17.2;
				LOCALIZATION_PREFERS_STRING_CATALOGS = YES;
				MTL_ENABLE_DEBUG_INFO = INCLUDE_SOURCE;
				MTL_FAST_MATH = YES;
				ONLY_ACTIVE_ARCH = YES;
				SDKROOT = iphoneos;
				SWIFT_ACTIVE_COMPILATION_CONDITIONS = "DEBUG $(inherited)";
				SWIFT_OPTIMIZATION_LEVEL = "-Onone";
			};
			name = Debug;
		};
		B6CFB7992BD834EF00BF009F /* Release */ = {
			isa = XCBuildConfiguration;
			buildSettings = {
				ALWAYS_SEARCH_USER_PATHS = NO;
				ASSETCATALOG_COMPILER_GENERATE_SWIFT_ASSET_SYMBOL_EXTENSIONS = YES;
				CLANG_ANALYZER_NONNULL = YES;
				CLANG_ANALYZER_NUMBER_OBJECT_CONVERSION = YES_AGGRESSIVE;
				CLANG_CXX_LANGUAGE_STANDARD = "gnu++20";
				CLANG_ENABLE_MODULES = YES;
				CLANG_ENABLE_OBJC_ARC = YES;
				CLANG_ENABLE_OBJC_WEAK = YES;
				CLANG_WARN_BLOCK_CAPTURE_AUTORELEASING = YES;
				CLANG_WARN_BOOL_CONVERSION = YES;
				CLANG_WARN_COMMA = YES;
				CLANG_WARN_CONSTANT_CONVERSION = YES;
				CLANG_WARN_DEPRECATED_OBJC_IMPLEMENTATIONS = YES;
				CLANG_WARN_DIRECT_OBJC_ISA_USAGE = YES_ERROR;
				CLANG_WARN_DOCUMENTATION_COMMENTS = YES;
				CLANG_WARN_EMPTY_BODY = YES;
				CLANG_WARN_ENUM_CONVERSION = YES;
				CLANG_WARN_INFINITE_RECURSION = YES;
				CLANG_WARN_INT_CONVERSION = YES;
				CLANG_WARN_NON_LITERAL_NULL_CONVERSION = YES;
				CLANG_WARN_OBJC_IMPLICIT_RETAIN_SELF = YES;
				CLANG_WARN_OBJC_LITERAL_CONVERSION = YES;
				CLANG_WARN_OBJC_ROOT_CLASS = YES_ERROR;
				CLANG_WARN_QUOTED_INCLUDE_IN_FRAMEWORK_HEADER = YES;
				CLANG_WARN_RANGE_LOOP_ANALYSIS = YES;
				CLANG_WARN_STRICT_PROTOTYPES = YES;
				CLANG_WARN_SUSPICIOUS_MOVE = YES;
				CLANG_WARN_UNGUARDED_AVAILABILITY = YES_AGGRESSIVE;
				CLANG_WARN_UNREACHABLE_CODE = YES;
				CLANG_WARN__DUPLICATE_METHOD_MATCH = YES;
				COPY_PHASE_STRIP = NO;
				DEBUG_INFORMATION_FORMAT = "dwarf-with-dsym";
				ENABLE_NS_ASSERTIONS = NO;
				ENABLE_STRICT_OBJC_MSGSEND = YES;
				ENABLE_USER_SCRIPT_SANDBOXING = YES;
				GCC_C_LANGUAGE_STANDARD = gnu17;
				GCC_NO_COMMON_BLOCKS = YES;
				GCC_WARN_64_TO_32_BIT_CONVERSION = YES;
				GCC_WARN_ABOUT_RETURN_TYPE = YES_ERROR;
				GCC_WARN_UNDECLARED_SELECTOR = YES;
				GCC_WARN_UNINITIALIZED_AUTOS = YES_AGGRESSIVE;
				GCC_WARN_UNUSED_FUNCTION = YES;
				GCC_WARN_UNUSED_VARIABLE = YES;
				IPHONEOS_DEPLOYMENT_TARGET = 17.2;
				LOCALIZATION_PREFERS_STRING_CATALOGS = YES;
				MTL_ENABLE_DEBUG_INFO = NO;
				MTL_FAST_MATH = YES;
				SDKROOT = iphoneos;
				SWIFT_COMPILATION_MODE = wholemodule;
				VALIDATE_PRODUCT = YES;
			};
			name = Release;
		};
		B6CFB79B2BD834EF00BF009F /* Debug */ = {
			isa = XCBuildConfiguration;
			buildSettings = {
				ASSETCATALOG_COMPILER_APPICON_NAME = AppIcon;
				ASSETCATALOG_COMPILER_GLOBAL_ACCENT_COLOR_NAME = AccentColor;
				CODE_SIGN_STYLE = Automatic;
				CURRENT_PROJECT_VERSION = 1;
				DEVELOPMENT_ASSET_PATHS = "\"Tiny-TodoList-iOS/Preview Content\"";
				DEVELOPMENT_TEAM = B9QMV7SMHA;
				ENABLE_PREVIEWS = YES;
				GENERATE_INFOPLIST_FILE = YES;
				INFOPLIST_KEY_UIApplicationSceneManifest_Generation = YES;
				INFOPLIST_KEY_UIApplicationSupportsIndirectInputEvents = YES;
				INFOPLIST_KEY_UILaunchScreen_Generation = YES;
				INFOPLIST_KEY_UISupportedInterfaceOrientations_iPad = "UIInterfaceOrientationPortrait UIInterfaceOrientationPortraitUpsideDown UIInterfaceOrientationLandscapeLeft UIInterfaceOrientationLandscapeRight";
				INFOPLIST_KEY_UISupportedInterfaceOrientations_iPhone = "UIInterfaceOrientationPortrait UIInterfaceOrientationLandscapeLeft UIInterfaceOrientationLandscapeRight";
				LD_RUNPATH_SEARCH_PATHS = (
					"$(inherited)",
					"@executable_path/Frameworks",
				);
				MARKETING_VERSION = 1.0;
				PRODUCT_BUNDLE_IDENTIFIER = "Eve.Tiny-TodoList-iOS";
				PRODUCT_NAME = "$(TARGET_NAME)";
				SWIFT_EMIT_LOC_STRINGS = YES;
				SWIFT_VERSION = 5.0;
				TARGETED_DEVICE_FAMILY = "1,2";
			};
			name = Debug;
		};
		B6CFB79C2BD834EF00BF009F /* Release */ = {
			isa = XCBuildConfiguration;
			buildSettings = {
				ASSETCATALOG_COMPILER_APPICON_NAME = AppIcon;
				ASSETCATALOG_COMPILER_GLOBAL_ACCENT_COLOR_NAME = AccentColor;
				CODE_SIGN_STYLE = Automatic;
				CURRENT_PROJECT_VERSION = 1;
				DEVELOPMENT_ASSET_PATHS = "\"Tiny-TodoList-iOS/Preview Content\"";
				DEVELOPMENT_TEAM = B9QMV7SMHA;
				ENABLE_PREVIEWS = YES;
				GENERATE_INFOPLIST_FILE = YES;
				INFOPLIST_KEY_UIApplicationSceneManifest_Generation = YES;
				INFOPLIST_KEY_UIApplicationSupportsIndirectInputEvents = YES;
				INFOPLIST_KEY_UILaunchScreen_Generation = YES;
				INFOPLIST_KEY_UISupportedInterfaceOrientations_iPad = "UIInterfaceOrientationPortrait UIInterfaceOrientationPortraitUpsideDown UIInterfaceOrientationLandscapeLeft UIInterfaceOrientationLandscapeRight";
				INFOPLIST_KEY_UISupportedInterfaceOrientations_iPhone = "UIInterfaceOrientationPortrait UIInterfaceOrientationLandscapeLeft UIInterfaceOrientationLandscapeRight";
				LD_RUNPATH_SEARCH_PATHS = (
					"$(inherited)",
					"@executable_path/Frameworks",
				);
				MARKETING_VERSION = 1.0;
				PRODUCT_BUNDLE_IDENTIFIER = "Eve.Tiny-TodoList-iOS";
				PRODUCT_NAME = "$(TARGET_NAME)";
				SWIFT_EMIT_LOC_STRINGS = YES;
				SWIFT_VERSION = 5.0;
				TARGETED_DEVICE_FAMILY = "1,2";
			};
			name = Release;
		};
		B6CFB79E2BD834EF00BF009F /* Debug */ = {
			isa = XCBuildConfiguration;
			buildSettings = {
				ALWAYS_EMBED_SWIFT_STANDARD_LIBRARIES = YES;
				BUNDLE_LOADER = "$(TEST_HOST)";
				CODE_SIGN_STYLE = Automatic;
				CURRENT_PROJECT_VERSION = 1;
				DEVELOPMENT_TEAM = B9QMV7SMHA;
				GENERATE_INFOPLIST_FILE = YES;
				IPHONEOS_DEPLOYMENT_TARGET = 17.2;
				MARKETING_VERSION = 1.0;
				PRODUCT_BUNDLE_IDENTIFIER = "Eve.Tiny-TodoList-iOSTests";
				PRODUCT_NAME = "$(TARGET_NAME)";
				SWIFT_EMIT_LOC_STRINGS = NO;
				SWIFT_VERSION = 5.0;
				TARGETED_DEVICE_FAMILY = "1,2";
				TEST_HOST = "$(BUILT_PRODUCTS_DIR)/Tiny-TodoList-iOS.app/$(BUNDLE_EXECUTABLE_FOLDER_PATH)/Tiny-TodoList-iOS";
			};
			name = Debug;
		};
		B6CFB79F2BD834EF00BF009F /* Release */ = {
			isa = XCBuildConfiguration;
			buildSettings = {
				ALWAYS_EMBED_SWIFT_STANDARD_LIBRARIES = YES;
				BUNDLE_LOADER = "$(TEST_HOST)";
				CODE_SIGN_STYLE = Automatic;
				CURRENT_PROJECT_VERSION = 1;
				DEVELOPMENT_TEAM = B9QMV7SMHA;
				GENERATE_INFOPLIST_FILE = YES;
				IPHONEOS_DEPLOYMENT_TARGET = 17.2;
				MARKETING_VERSION = 1.0;
				PRODUCT_BUNDLE_IDENTIFIER = "Eve.Tiny-TodoList-iOSTests";
				PRODUCT_NAME = "$(TARGET_NAME)";
				SWIFT_EMIT_LOC_STRINGS = NO;
				SWIFT_VERSION = 5.0;
				TARGETED_DEVICE_FAMILY = "1,2";
				TEST_HOST = "$(BUILT_PRODUCTS_DIR)/Tiny-TodoList-iOS.app/$(BUNDLE_EXECUTABLE_FOLDER_PATH)/Tiny-TodoList-iOS";
			};
			name = Release;
		};
		B6CFB7A12BD834EF00BF009F /* Debug */ = {
			isa = XCBuildConfiguration;
			buildSettings = {
				ALWAYS_EMBED_SWIFT_STANDARD_LIBRARIES = YES;
				CODE_SIGN_STYLE = Automatic;
				CURRENT_PROJECT_VERSION = 1;
				DEVELOPMENT_TEAM = B9QMV7SMHA;
				GENERATE_INFOPLIST_FILE = YES;
				MARKETING_VERSION = 1.0;
				PRODUCT_BUNDLE_IDENTIFIER = "Eve.Tiny-TodoList-iOSUITests";
				PRODUCT_NAME = "$(TARGET_NAME)";
				SWIFT_EMIT_LOC_STRINGS = NO;
				SWIFT_VERSION = 5.0;
				TARGETED_DEVICE_FAMILY = "1,2";
				TEST_TARGET_NAME = "Tiny-TodoList-iOS";
			};
			name = Debug;
		};
		B6CFB7A22BD834EF00BF009F /* Release */ = {
			isa = XCBuildConfiguration;
			buildSettings = {
				ALWAYS_EMBED_SWIFT_STANDARD_LIBRARIES = YES;
				CODE_SIGN_STYLE = Automatic;
				CURRENT_PROJECT_VERSION = 1;
				DEVELOPMENT_TEAM = B9QMV7SMHA;
				GENERATE_INFOPLIST_FILE = YES;
				MARKETING_VERSION = 1.0;
				PRODUCT_BUNDLE_IDENTIFIER = "Eve.Tiny-TodoList-iOSUITests";
				PRODUCT_NAME = "$(TARGET_NAME)";
				SWIFT_EMIT_LOC_STRINGS = NO;
				SWIFT_VERSION = 5.0;
				TARGETED_DEVICE_FAMILY = "1,2";
				TEST_TARGET_NAME = "Tiny-TodoList-iOS";
			};
			name = Release;
		};
/* End XCBuildConfiguration section */

/* Begin XCConfigurationList section */
		B6CFB7712BD834ED00BF009F /* Build configuration list for PBXProject "Tiny-TodoList-iOS" */ = {
			isa = XCConfigurationList;
			buildConfigurations = (
				B6CFB7982BD834EF00BF009F /* Debug */,
				B6CFB7992BD834EF00BF009F /* Release */,
			);
			defaultConfigurationIsVisible = 0;
			defaultConfigurationName = Release;
		};
		B6CFB79A2BD834EF00BF009F /* Build configuration list for PBXNativeTarget "Tiny-TodoList-iOS" */ = {
			isa = XCConfigurationList;
			buildConfigurations = (
				B6CFB79B2BD834EF00BF009F /* Debug */,
				B6CFB79C2BD834EF00BF009F /* Release */,
			);
			defaultConfigurationIsVisible = 0;
			defaultConfigurationName = Release;
		};
		B6CFB79D2BD834EF00BF009F /* Build configuration list for PBXNativeTarget "Tiny-TodoList-iOSTests" */ = {
			isa = XCConfigurationList;
			buildConfigurations = (
				B6CFB79E2BD834EF00BF009F /* Debug */,
				B6CFB79F2BD834EF00BF009F /* Release */,
			);
			defaultConfigurationIsVisible = 0;
			defaultConfigurationName = Release;
		};
		B6CFB7A02BD834EF00BF009F /* Build configuration list for PBXNativeTarget "Tiny-TodoList-iOSUITests" */ = {
			isa = XCConfigurationList;
			buildConfigurations = (
				B6CFB7A12BD834EF00BF009F /* Debug */,
				B6CFB7A22BD834EF00BF009F /* Release */,
			);
			defaultConfigurationIsVisible = 0;
			defaultConfigurationName = Release;
		};
/* End XCConfigurationList section */
	};
	rootObject = B6CFB76E2BD834ED00BF009F /* Project object */;
}
